
Microsoft Visual Studio Solution File, Format Version 12.00
# Visual Studio Version 17
VisualStudioVersion = 17.0.32014.148
MinimumVisualStudioVersion = 10.0.40219.1
Project("{9A19103F-16F7-4668-BE54-9A1E7A4F7556}") = "ModelsApi", "ModelsApi\ModelsApi.csproj", "{69495620-1837-46CD-9624-3FCFA07A1BF9}"
EndProject
Project("{9A19103F-16F7-4668-BE54-9A1E7A4F7556}") = "StudentExamApi", "StudentExamApi\StudentExamApi.csproj", "{A70C3019-1098-4F73-9F9D-562000964923}"
EndProject
Project("{9A19103F-16F7-4668-BE54-9A1E7A4F7556}") = "StudentExamClient", "StudentExamClient\StudentExamClient.csproj", "{211CC511-C54A-4858-ABCA-4FC50C4381DE}"
EndProject
Global
	GlobalSection(SolutionConfigurationPlatforms) = preSolution
		Debug|Any CPU = Debug|Any CPU
		Release|Any CPU = Release|Any CPU
	EndGlobalSection
	GlobalSection(ProjectConfigurationPlatforms) = postSolution
		{69495620-1837-46CD-9624-3FCFA07A1BF9}.Debug|Any CPU.ActiveCfg = Debug|Any CPU
		{69495620-1837-46CD-9624-3FCFA07A1BF9}.Debug|Any CPU.Build.0 = Debug|Any CPU
		{69495620-1837-46CD-9624-3FCFA07A1BF9}.Release|Any CPU.ActiveCfg = Release|Any CPU
		{69495620-1837-46CD-9624-3FCFA07A1BF9}.Release|Any CPU.Build.0 = Release|Any CPU
		{A70C3019-1098-4F73-9F9D-562000964923}.Debug|Any CPU.ActiveCfg = Debug|Any CPU
		{A70C3019-1098-4F73-9F9D-562000964923}.Debug|Any CPU.Build.0 = Debug|Any CPU
		{A70C3019-1098-4F73-9F9D-562000964923}.Release|Any CPU.ActiveCfg = Release|Any CPU
		{A70C3019-1098-4F73-9F9D-562000964923}.Release|Any CPU.Build.0 = Release|Any CPU
		{211CC511-C54A-4858-ABCA-4FC50C4381DE}.Debug|Any CPU.ActiveCfg = Debug|Any CPU
		{211CC511-C54A-4858-ABCA-4FC50C4381DE}.Debug|Any CPU.Build.0 = Debug|Any CPU
		{211CC511-C54A-4858-ABCA-4FC50C4381DE}.Release|Any CPU.ActiveCfg = Release|Any CPU
		{211CC511-C54A-4858-ABCA-4FC50C4381DE}.Release|Any CPU.Build.0 = Release|Any CPU
	EndGlobalSection
	GlobalSection(SolutionProperties) = preSolution
		HideSolutionNode = FALSE
	EndGlobalSection
	GlobalSection(ExtensibilityGlobals) = postSolution
		SolutionGuid = {6A64F5C4-10A9-42B6-A6C9-59B432199E25}
	EndGlobalSection
EndGlobal
